
Microsoft Visual Studio Solution File, Format Version 12.00
# Visual Studio 2012
Project("{FAE04EC0-301F-11D3-BF4B-00C04F79EFBC}") = "RiemannHealth", "RiemannHealth.csproj", "{83FD72F0-8DAB-4F40-9DA1-67B80356976E}"
EndProject
Project("{FAE04EC0-301F-11D3-BF4B-00C04F79EFBC}") = "Riemann", "..\riemann-csharp\Riemann.csproj", "{9DEB9626-6F9B-4D16-BE1B-8BAF934C8A68}"
EndProject
Global
	GlobalSection(SolutionConfigurationPlatforms) = preSolution
		Debug|Any CPU = Debug|Any CPU
		Release|Any CPU = Release|Any CPU
	EndGlobalSection
	GlobalSection(ProjectConfigurationPlatforms) = postSolution
		{83FD72F0-8DAB-4F40-9DA1-67B80356976E}.Debug|Any CPU.ActiveCfg = Debug|Any CPU
		{83FD72F0-8DAB-4F40-9DA1-67B80356976E}.Debug|Any CPU.Build.0 = Debug|Any CPU
		{83FD72F0-8DAB-4F40-9DA1-67B80356976E}.Release|Any CPU.ActiveCfg = Release|Any CPU
		{83FD72F0-8DAB-4F40-9DA1-67B80356976E}.Release|Any CPU.Build.0 = Release|Any CPU
		{9DEB9626-6F9B-4D16-BE1B-8BAF934C8A68}.Debug|Any CPU.ActiveCfg = Debug|Any CPU
		{9DEB9626-6F9B-4D16-BE1B-8BAF934C8A68}.Debug|Any CPU.Build.0 = Debug|Any CPU
		{9DEB9626-6F9B-4D16-BE1B-8BAF934C8A68}.Release|Any CPU.ActiveCfg = Release|Any CPU
		{9DEB9626-6F9B-4D16-BE1B-8BAF934C8A68}.Release|Any CPU.Build.0 = Release|Any CPU
	EndGlobalSection
	GlobalSection(SolutionProperties) = preSolution
		HideSolutionNode = FALSE
	EndGlobalSection
EndGlobal
